
Microsoft Visual Studio Solution File, Format Version 12.00
# Visual Studio 15
VisualStudioVersion = 15.0.28307.1169
MinimumVisualStudioVersion = 10.0.40219.1
Project("{8BC9CEB8-8B4A-11D0-8D11-00A0C91BC942}") = "MyProject", "MyProject\MyProject.vcxproj", "{3C9E3184-4DF8-4218-95BE-32CE9A2439B2}"
EndProject
Project("{2150E333-8FDC-42A3-9474-1A3956D46DE8}") = "C", "C", "{E75C39EA-25E4-4DC5-8589-BE267F6C0B4F}"
EndProject
Project("{8BC9CEB8-8B4A-11D0-8D11-00A0C91BC942}") = "Diamond", "Diamond\Diamond.vcxproj", "{64E85465-99ED-4627-B562-A48BC8FC093F}"
EndProject
Project("{8BC9CEB8-8B4A-11D0-8D11-00A0C91BC942}") = "LinkedList", "LinkedList\LinkedList.vcxproj", "{300C2E09-747F-42CC-88FF-94C5A7A03F74}"
EndProject
Project("{2150E333-8FDC-42A3-9474-1A3956D46DE8}") = "Game", "Game", "{0E8CFB24-0666-4F1B-925A-44D031FF4EE4}"
EndProject
Project("{8BC9CEB8-8B4A-11D0-8D11-00A0C91BC942}") = "MyGame1", "MyGame1\MyGame1.vcxproj", "{4E86CF34-60B0-4BD3-9CA0-DE662CEEAB34}"
EndProject
Project("{8BC9CEB8-8B4A-11D0-8D11-00A0C91BC942}") = "WindowsSample", "WindowsSample\WindowsSample.vcxproj", "{2F3856E6-D13D-441E-8319-7500C20E367A}"
EndProject
Project("{2150E333-8FDC-42A3-9474-1A3956D46DE8}") = "C++", "C++", "{EC183164-DEEA-462C-8043-5050F15D9CD8}"
EndProject
Project("{8BC9CEB8-8B4A-11D0-8D11-00A0C91BC942}") = "MyGame2", "MyGame2\MyGame2.vcxproj", "{C8FDA55E-704F-4551-84FA-587219D0557D}"
EndProject
Project("{2150E333-8FDC-42A3-9474-1A3956D46DE8}") = "API", "API", "{722F2E46-FC85-4A34-850B-D81DB4BB5594}"
EndProject
Project("{8BC9CEB8-8B4A-11D0-8D11-00A0C91BC942}") = "Window", "Window\Window.vcxproj", "{0CDD567B-C36A-42C4-B22A-A1B4879E19A5}"
EndProject
Project("{8BC9CEB8-8B4A-11D0-8D11-00A0C91BC942}") = "SCoreLib", "SCoreLib\SCoreLib.vcxproj", "{441ED372-4C0C-4A56-8711-BFE4E8F21C83}"
EndProject
Project("{2150E333-8FDC-42A3-9474-1A3956D46DE8}") = "Before", "Before", "{FDEB840A-BEB5-45C1-9A73-70D9492A1AA3}"
EndProject
Project("{2150E333-8FDC-42A3-9474-1A3956D46DE8}") = "00_Window", "00_Window", "{DE56526F-1D51-4B7C-87AF-EB9B23A84F83}"
EndProject
Project("{2150E333-8FDC-42A3-9474-1A3956D46DE8}") = "Practice", "Practice", "{BEF9768C-B102-4E14-83EF-5491B4755ACE}"
EndProject
Project("{8BC9CEB8-8B4A-11D0-8D11-00A0C91BC942}") = "MyWindow", "MyWindow\MyWindow.vcxproj", "{5978AD55-A1BF-44A2-A87A-90FB687EB1E3}"
EndProject
Global
	GlobalSection(SolutionConfigurationPlatforms) = preSolution
		Debug|x64 = Debug|x64
		Debug|x86 = Debug|x86
		Release|x64 = Release|x64
		Release|x86 = Release|x86
	EndGlobalSection
	GlobalSection(ProjectConfigurationPlatforms) = postSolution
		{3C9E3184-4DF8-4218-95BE-32CE9A2439B2}.Debug|x64.ActiveCfg = Debug|x64
		{3C9E3184-4DF8-4218-95BE-32CE9A2439B2}.Debug|x64.Build.0 = Debug|x64
		{3C9E3184-4DF8-4218-95BE-32CE9A2439B2}.Debug|x86.ActiveCfg = Debug|Win32
		{3C9E3184-4DF8-4218-95BE-32CE9A2439B2}.Debug|x86.Build.0 = Debug|Win32
		{3C9E3184-4DF8-4218-95BE-32CE9A2439B2}.Release|x64.ActiveCfg = Release|x64
		{3C9E3184-4DF8-4218-95BE-32CE9A2439B2}.Release|x64.Build.0 = Release|x64
		{3C9E3184-4DF8-4218-95BE-32CE9A2439B2}.Release|x86.ActiveCfg = Release|Win32
		{3C9E3184-4DF8-4218-95BE-32CE9A2439B2}.Release|x86.Build.0 = Release|Win32
		{64E85465-99ED-4627-B562-A48BC8FC093F}.Debug|x64.ActiveCfg = Debug|x64
		{64E85465-99ED-4627-B562-A48BC8FC093F}.Debug|x64.Build.0 = Debug|x64
		{64E85465-99ED-4627-B562-A48BC8FC093F}.Debug|x86.ActiveCfg = Debug|Win32
		{64E85465-99ED-4627-B562-A48BC8FC093F}.Debug|x86.Build.0 = Debug|Win32
		{64E85465-99ED-4627-B562-A48BC8FC093F}.Release|x64.ActiveCfg = Release|x64
		{64E85465-99ED-4627-B562-A48BC8FC093F}.Release|x64.Build.0 = Release|x64
		{64E85465-99ED-4627-B562-A48BC8FC093F}.Release|x86.ActiveCfg = Release|Win32
		{64E85465-99ED-4627-B562-A48BC8FC093F}.Release|x86.Build.0 = Release|Win32
		{300C2E09-747F-42CC-88FF-94C5A7A03F74}.Debug|x64.ActiveCfg = Debug|x64
		{300C2E09-747F-42CC-88FF-94C5A7A03F74}.Debug|x64.Build.0 = Debug|x64
		{300C2E09-747F-42CC-88FF-94C5A7A03F74}.Debug|x86.ActiveCfg = Debug|Win32
		{300C2E09-747F-42CC-88FF-94C5A7A03F74}.Debug|x86.Build.0 = Debug|Win32
		{300C2E09-747F-42CC-88FF-94C5A7A03F74}.Release|x64.ActiveCfg = Release|x64
		{300C2E09-747F-42CC-88FF-94C5A7A03F74}.Release|x64.Build.0 = Release|x64
		{300C2E09-747F-42CC-88FF-94C5A7A03F74}.Release|x86.ActiveCfg = Release|Win32
		{300C2E09-747F-42CC-88FF-94C5A7A03F74}.Release|x86.Build.0 = Release|Win32
		{4E86CF34-60B0-4BD3-9CA0-DE662CEEAB34}.Debug|x64.ActiveCfg = Debug|x64
		{4E86CF34-60B0-4BD3-9CA0-DE662CEEAB34}.Debug|x64.Build.0 = Debug|x64
		{4E86CF34-60B0-4BD3-9CA0-DE662CEEAB34}.Debug|x86.ActiveCfg = Debug|Win32
		{4E86CF34-60B0-4BD3-9CA0-DE662CEEAB34}.Debug|x86.Build.0 = Debug|Win32
		{4E86CF34-60B0-4BD3-9CA0-DE662CEEAB34}.Release|x64.ActiveCfg = Release|x64
		{4E86CF34-60B0-4BD3-9CA0-DE662CEEAB34}.Release|x64.Build.0 = Release|x64
		{4E86CF34-60B0-4BD3-9CA0-DE662CEEAB34}.Release|x86.ActiveCfg = Release|Win32
		{4E86CF34-60B0-4BD3-9CA0-DE662CEEAB34}.Release|x86.Build.0 = Release|Win32
		{2F3856E6-D13D-441E-8319-7500C20E367A}.Debug|x64.ActiveCfg = Debug|x64
		{2F3856E6-D13D-441E-8319-7500C20E367A}.Debug|x64.Build.0 = Debug|x64
		{2F3856E6-D13D-441E-8319-7500C20E367A}.Debug|x86.ActiveCfg = Debug|Win32
		{2F3856E6-D13D-441E-8319-7500C20E367A}.Debug|x86.Build.0 = Debug|Win32
		{2F3856E6-D13D-441E-8319-7500C20E367A}.Release|x64.ActiveCfg = Release|x64
		{2F3856E6-D13D-441E-8319-7500C20E367A}.Release|x64.Build.0 = Release|x64
		{2F3856E6-D13D-441E-8319-7500C20E367A}.Release|x86.ActiveCfg = Release|Win32
		{2F3856E6-D13D-441E-8319-7500C20E367A}.Release|x86.Build.0 = Release|Win32
		{C8FDA55E-704F-4551-84FA-587219D0557D}.Debug|x64.ActiveCfg = Debug|x64
		{C8FDA55E-704F-4551-84FA-587219D0557D}.Debug|x64.Build.0 = Debug|x64
		{C8FDA55E-704F-4551-84FA-587219D0557D}.Debug|x86.ActiveCfg = Debug|Win32
		{C8FDA55E-704F-4551-84FA-587219D0557D}.Debug|x86.Build.0 = Debug|Win32
		{C8FDA55E-704F-4551-84FA-587219D0557D}.Release|x64.ActiveCfg = Release|x64
		{C8FDA55E-704F-4551-84FA-587219D0557D}.Release|x64.Build.0 = Release|x64
		{C8FDA55E-704F-4551-84FA-587219D0557D}.Release|x86.ActiveCfg = Release|Win32
		{C8FDA55E-704F-4551-84FA-587219D0557D}.Release|x86.Build.0 = Release|Win32
		{0CDD567B-C36A-42C4-B22A-A1B4879E19A5}.Debug|x64.ActiveCfg = Debug|x64
		{0CDD567B-C36A-42C4-B22A-A1B4879E19A5}.Debug|x64.Build.0 = Debug|x64
		{0CDD567B-C36A-42C4-B22A-A1B4879E19A5}.Debug|x86.ActiveCfg = Debug|Win32
		{0CDD567B-C36A-42C4-B22A-A1B4879E19A5}.Debug|x86.Build.0 = Debug|Win32
		{0CDD567B-C36A-42C4-B22A-A1B4879E19A5}.Release|x64.ActiveCfg = Release|x64
		{0CDD567B-C36A-42C4-B22A-A1B4879E19A5}.Release|x64.Build.0 = Release|x64
		{0CDD567B-C36A-42C4-B22A-A1B4879E19A5}.Release|x86.ActiveCfg = Release|Win32
		{0CDD567B-C36A-42C4-B22A-A1B4879E19A5}.Release|x86.Build.0 = Release|Win32
		{441ED372-4C0C-4A56-8711-BFE4E8F21C83}.Debug|x64.ActiveCfg = Debug|x64
		{441ED372-4C0C-4A56-8711-BFE4E8F21C83}.Debug|x64.Build.0 = Debug|x64
		{441ED372-4C0C-4A56-8711-BFE4E8F21C83}.Debug|x86.ActiveCfg = Debug|Win32
		{441ED372-4C0C-4A56-8711-BFE4E8F21C83}.Debug|x86.Build.0 = Debug|Win32
		{441ED372-4C0C-4A56-8711-BFE4E8F21C83}.Release|x64.ActiveCfg = Release|x64
		{441ED372-4C0C-4A56-8711-BFE4E8F21C83}.Release|x64.Build.0 = Release|x64
		{441ED372-4C0C-4A56-8711-BFE4E8F21C83}.Release|x86.ActiveCfg = Release|Win32
		{441ED372-4C0C-4A56-8711-BFE4E8F21C83}.Release|x86.Build.0 = Release|Win32
		{5978AD55-A1BF-44A2-A87A-90FB687EB1E3}.Debug|x64.ActiveCfg = Debug|x64
		{5978AD55-A1BF-44A2-A87A-90FB687EB1E3}.Debug|x64.Build.0 = Debug|x64
		{5978AD55-A1BF-44A2-A87A-90FB687EB1E3}.Debug|x86.ActiveCfg = Debug|Win32
		{5978AD55-A1BF-44A2-A87A-90FB687EB1E3}.Debug|x86.Build.0 = Debug|Win32
		{5978AD55-A1BF-44A2-A87A-90FB687EB1E3}.Release|x64.ActiveCfg = Release|x64
		{5978AD55-A1BF-44A2-A87A-90FB687EB1E3}.Release|x64.Build.0 = Release|x64
		{5978AD55-A1BF-44A2-A87A-90FB687EB1E3}.Release|x86.ActiveCfg = Release|Win32
		{5978AD55-A1BF-44A2-A87A-90FB687EB1E3}.Release|x86.Build.0 = Release|Win32
	EndGlobalSection
	GlobalSection(SolutionProperties) = preSolution
		HideSolutionNode = FALSE
	EndGlobalSection
	GlobalSection(NestedProjects) = preSolution
		{3C9E3184-4DF8-4218-95BE-32CE9A2439B2} = {BEF9768C-B102-4E14-83EF-5491B4755ACE}
		{E75C39EA-25E4-4DC5-8589-BE267F6C0B4F} = {FDEB840A-BEB5-45C1-9A73-70D9492A1AA3}
		{64E85465-99ED-4627-B562-A48BC8FC093F} = {E75C39EA-25E4-4DC5-8589-BE267F6C0B4F}
		{300C2E09-747F-42CC-88FF-94C5A7A03F74} = {E75C39EA-25E4-4DC5-8589-BE267F6C0B4F}
		{0E8CFB24-0666-4F1B-925A-44D031FF4EE4} = {FDEB840A-BEB5-45C1-9A73-70D9492A1AA3}
		{4E86CF34-60B0-4BD3-9CA0-DE662CEEAB34} = {0E8CFB24-0666-4F1B-925A-44D031FF4EE4}
		{2F3856E6-D13D-441E-8319-7500C20E367A} = {0E8CFB24-0666-4F1B-925A-44D031FF4EE4}
		{EC183164-DEEA-462C-8043-5050F15D9CD8} = {FDEB840A-BEB5-45C1-9A73-70D9492A1AA3}
		{C8FDA55E-704F-4551-84FA-587219D0557D} = {0E8CFB24-0666-4F1B-925A-44D031FF4EE4}
		{722F2E46-FC85-4A34-850B-D81DB4BB5594} = {FDEB840A-BEB5-45C1-9A73-70D9492A1AA3}
		{0CDD567B-C36A-42C4-B22A-A1B4879E19A5} = {722F2E46-FC85-4A34-850B-D81DB4BB5594}
		{441ED372-4C0C-4A56-8711-BFE4E8F21C83} = {722F2E46-FC85-4A34-850B-D81DB4BB5594}
		{5978AD55-A1BF-44A2-A87A-90FB687EB1E3} = {DE56526F-1D51-4B7C-87AF-EB9B23A84F83}
	EndGlobalSection
	GlobalSection(ExtensibilityGlobals) = postSolution
		SolutionGuid = {08AFE944-E91A-4B46-B42E-C8132CAD40D8}
	EndGlobalSection
EndGlobal
